// !$*UTF8*$!
{
	archiveVersion = 1;
	classes = {
	};
	objectVersion = 46;
	objects = {

/* Begin PBXBuildFile section */
		714AAED927644C1187F3371F /* libPods-Cars-CatalogTests.a in Frameworks */ = {isa = PBXBuildFile; fileRef = 8EEBD89704C54C7AAB36370B /* libPods-Cars-CatalogTests.a */; };
		754F02BA19C61162006AB654 /* CCCarFormViewController.m in Sources */ = {isa = PBXBuildFile; fileRef = 754F02B819C61162006AB654 /* CCCarFormViewController.m */; };
		754F02BB19C61162006AB654 /* CCCarFormViewController.xib in Resources */ = {isa = PBXBuildFile; fileRef = 754F02B919C61162006AB654 /* CCCarFormViewController.xib */; };
		754F02BE19C62FDF006AB654 /* CCCarRequest.m in Sources */ = {isa = PBXBuildFile; fileRef = 754F02BD19C62FDF006AB654 /* CCCarRequest.m */; };
		754F02C319C674C0006AB654 /* CCPickerViewController.m in Sources */ = {isa = PBXBuildFile; fileRef = 754F02C119C674C0006AB654 /* CCPickerViewController.m */; };
		754F02C419C674C0006AB654 /* CCPickerViewController.xib in Resources */ = {isa = PBXBuildFile; fileRef = 754F02C219C674C0006AB654 /* CCPickerViewController.xib */; };
		7569DD1219BB6D61004C502C /* Foundation.framework in Frameworks */ = {isa = PBXBuildFile; fileRef = 7569DD1119BB6D60004C502C /* Foundation.framework */; };
		7569DD1419BB6D61004C502C /* CoreGraphics.framework in Frameworks */ = {isa = PBXBuildFile; fileRef = 7569DD1319BB6D61004C502C /* CoreGraphics.framework */; };
		7569DD1619BB6D61004C502C /* UIKit.framework in Frameworks */ = {isa = PBXBuildFile; fileRef = 7569DD1519BB6D61004C502C /* UIKit.framework */; };
		7569DD1819BB6D61004C502C /* CoreData.framework in Frameworks */ = {isa = PBXBuildFile; fileRef = 7569DD1719BB6D61004C502C /* CoreData.framework */; };
		7569DD1E19BB6D61004C502C /* InfoPlist.strings in Resources */ = {isa = PBXBuildFile; fileRef = 7569DD1C19BB6D61004C502C /* InfoPlist.strings */; };
		7569DD2019BB6D61004C502C /* main.m in Sources */ = {isa = PBXBuildFile; fileRef = 7569DD1F19BB6D61004C502C /* main.m */; };
		7569DD2419BB6D61004C502C /* CCAppDelegate.m in Sources */ = {isa = PBXBuildFile; fileRef = 7569DD2319BB6D61004C502C /* CCAppDelegate.m */; };
		7569DD2A19BB6D61004C502C /* Cars_Catalog.xcdatamodeld in Sources */ = {isa = PBXBuildFile; fileRef = 7569DD2819BB6D61004C502C /* Cars_Catalog.xcdatamodeld */; };
		7569DD3219BB6D61004C502C /* Images.xcassets in Resources */ = {isa = PBXBuildFile; fileRef = 7569DD3119BB6D61004C502C /* Images.xcassets */; };
		7569DD3919BB6D61004C502C /* XCTest.framework in Frameworks */ = {isa = PBXBuildFile; fileRef = 7569DD3819BB6D61004C502C /* XCTest.framework */; };
		7569DD3A19BB6D61004C502C /* Foundation.framework in Frameworks */ = {isa = PBXBuildFile; fileRef = 7569DD1119BB6D60004C502C /* Foundation.framework */; };
		7569DD3B19BB6D61004C502C /* UIKit.framework in Frameworks */ = {isa = PBXBuildFile; fileRef = 7569DD1519BB6D61004C502C /* UIKit.framework */; };
		7569DD3C19BB6D61004C502C /* CoreData.framework in Frameworks */ = {isa = PBXBuildFile; fileRef = 7569DD1719BB6D61004C502C /* CoreData.framework */; };
		7569DD4419BB6D61004C502C /* InfoPlist.strings in Resources */ = {isa = PBXBuildFile; fileRef = 7569DD4219BB6D61004C502C /* InfoPlist.strings */; };
		75A16FD119C127F0001708A7 /* CCHttpClient.m in Sources */ = {isa = PBXBuildFile; fileRef = 75A16FD019C127F0001708A7 /* CCHttpClient.m */; };
		75A16FD419C12F19001708A7 /* CCSettings.m in Sources */ = {isa = PBXBuildFile; fileRef = 75A16FD319C12F19001708A7 /* CCSettings.m */; };
		75A16FD619C1308C001708A7 /* Settings.plist in Resources */ = {isa = PBXBuildFile; fileRef = 75A16FD519C1308C001708A7 /* Settings.plist */; };
		75A16FD919C136EF001708A7 /* CCCarsRequest.m in Sources */ = {isa = PBXBuildFile; fileRef = 75A16FD819C136EF001708A7 /* CCCarsRequest.m */; };
		75A16FDF19C30E08001708A7 /* CCCar.m in Sources */ = {isa = PBXBuildFile; fileRef = 75A16FDE19C30E08001708A7 /* CCCar.m */; };
		75A16FE119C31476001708A7 /* CCCarTests.m in Sources */ = {isa = PBXBuildFile; fileRef = 75A16FE019C31476001708A7 /* CCCarTests.m */; };
		75F7F56719BCCA8B0036C25B /* CCCarsViewController.m in Sources */ = {isa = PBXBuildFile; fileRef = 75F7F56619BCCA8B0036C25B /* CCCarsViewController.m */; };
		ABD82A53BF714E4DB5A441A3 /* libPods-Cars-Catalog.a in Frameworks */ = {isa = PBXBuildFile; fileRef = B19252721C5C409EA8D73EED /* libPods-Cars-Catalog.a */; };
/* End PBXBuildFile section */

/* Begin PBXContainerItemProxy section */
		7569DD3D19BB6D61004C502C /* PBXContainerItemProxy */ = {
			isa = PBXContainerItemProxy;
			containerPortal = 7569DD0619BB6D60004C502C /* Project object */;
			proxyType = 1;
			remoteGlobalIDString = 7569DD0D19BB6D60004C502C;
			remoteInfo = "Cars-Catalog";
		};
/* End PBXContainerItemProxy section */

/* Begin PBXFileReference section */
		061607901B244EB39A08D653 /* Pods-Cars-CatalogTests.xcconfig */ = {isa = PBXFileReference; includeInIndex = 1; lastKnownFileType = text.xcconfig; name = "Pods-Cars-CatalogTests.xcconfig"; path = "Pods/Pods-Cars-CatalogTests.xcconfig"; sourceTree = "<group>"; };
		60487367E07F406480F5DC8F /* Pods-Cars-Catalog.xcconfig */ = {isa = PBXFileReference; includeInIndex = 1; lastKnownFileType = text.xcconfig; name = "Pods-Cars-Catalog.xcconfig"; path = "Pods/Pods-Cars-Catalog.xcconfig"; sourceTree = "<group>"; };
		754F02B719C61162006AB654 /* CCCarFormViewController.h */ = {isa = PBXFileReference; fileEncoding = 4; lastKnownFileType = sourcecode.c.h; path = CCCarFormViewController.h; sourceTree = "<group>"; };
		754F02B819C61162006AB654 /* CCCarFormViewController.m */ = {isa = PBXFileReference; fileEncoding = 4; lastKnownFileType = sourcecode.c.objc; path = CCCarFormViewController.m; sourceTree = "<group>"; };
		754F02B919C61162006AB654 /* CCCarFormViewController.xib */ = {isa = PBXFileReference; fileEncoding = 4; lastKnownFileType = file.xib; path = CCCarFormViewController.xib; sourceTree = "<group>"; };
		754F02BC19C62FDF006AB654 /* CCCarRequest.h */ = {isa = PBXFileReference; fileEncoding = 4; lastKnownFileType = sourcecode.c.h; path = CCCarRequest.h; sourceTree = "<group>"; };
		754F02BD19C62FDF006AB654 /* CCCarRequest.m */ = {isa = PBXFileReference; fileEncoding = 4; lastKnownFileType = sourcecode.c.objc; path = CCCarRequest.m; sourceTree = "<group>"; };
		754F02C019C674C0006AB654 /* CCPickerViewController.h */ = {isa = PBXFileReference; fileEncoding = 4; lastKnownFileType = sourcecode.c.h; path = CCPickerViewController.h; sourceTree = "<group>"; };
		754F02C119C674C0006AB654 /* CCPickerViewController.m */ = {isa = PBXFileReference; fileEncoding = 4; lastKnownFileType = sourcecode.c.objc; path = CCPickerViewController.m; sourceTree = "<group>"; };
		754F02C219C674C0006AB654 /* CCPickerViewController.xib */ = {isa = PBXFileReference; fileEncoding = 4; lastKnownFileType = file.xib; path = CCPickerViewController.xib; sourceTree = "<group>"; };
		7569DD0E19BB6D60004C502C /* Cars-Catalog.app */ = {isa = PBXFileReference; explicitFileType = wrapper.application; includeInIndex = 0; path = "Cars-Catalog.app"; sourceTree = BUILT_PRODUCTS_DIR; };
		7569DD1119BB6D60004C502C /* Foundation.framework */ = {isa = PBXFileReference; lastKnownFileType = wrapper.framework; name = Foundation.framework; path = System/Library/Frameworks/Foundation.framework; sourceTree = SDKROOT; };
		7569DD1319BB6D61004C502C /* CoreGraphics.framework */ = {isa = PBXFileReference; lastKnownFileType = wrapper.framework; name = CoreGraphics.framework; path = System/Library/Frameworks/CoreGraphics.framework; sourceTree = SDKROOT; };
		7569DD1519BB6D61004C502C /* UIKit.framework */ = {isa = PBXFileReference; lastKnownFileType = wrapper.framework; name = UIKit.framework; path = System/Library/Frameworks/UIKit.framework; sourceTree = SDKROOT; };
		7569DD1719BB6D61004C502C /* CoreData.framework */ = {isa = PBXFileReference; lastKnownFileType = wrapper.framework; name = CoreData.framework; path = System/Library/Frameworks/CoreData.framework; sourceTree = SDKROOT; };
		7569DD1B19BB6D61004C502C /* Cars-Catalog-Info.plist */ = {isa = PBXFileReference; lastKnownFileType = text.plist.xml; path = "Cars-Catalog-Info.plist"; sourceTree = "<group>"; };
		7569DD1D19BB6D61004C502C /* en */ = {isa = PBXFileReference; lastKnownFileType = text.plist.strings; name = en; path = en.lproj/InfoPlist.strings; sourceTree = "<group>"; };
		7569DD1F19BB6D61004C502C /* main.m */ = {isa = PBXFileReference; lastKnownFileType = sourcecode.c.objc; path = main.m; sourceTree = "<group>"; };
		7569DD2119BB6D61004C502C /* Cars-Catalog-Prefix.pch */ = {isa = PBXFileReference; lastKnownFileType = sourcecode.c.h; path = "Cars-Catalog-Prefix.pch"; sourceTree = "<group>"; };
		7569DD2219BB6D61004C502C /* CCAppDelegate.h */ = {isa = PBXFileReference; lastKnownFileType = sourcecode.c.h; path = CCAppDelegate.h; sourceTree = "<group>"; };
		7569DD2319BB6D61004C502C /* CCAppDelegate.m */ = {isa = PBXFileReference; lastKnownFileType = sourcecode.c.objc; path = CCAppDelegate.m; sourceTree = "<group>"; };
		7569DD2919BB6D61004C502C /* Cars_Catalog.xcdatamodel */ = {isa = PBXFileReference; lastKnownFileType = wrapper.xcdatamodel; path = Cars_Catalog.xcdatamodel; sourceTree = "<group>"; };
		7569DD3119BB6D61004C502C /* Images.xcassets */ = {isa = PBXFileReference; lastKnownFileType = folder.assetcatalog; path = Images.xcassets; sourceTree = "<group>"; };
		7569DD3719BB6D61004C502C /* Cars-CatalogTests.xctest */ = {isa = PBXFileReference; explicitFileType = wrapper.cfbundle; includeInIndex = 0; path = "Cars-CatalogTests.xctest"; sourceTree = BUILT_PRODUCTS_DIR; };
		7569DD3819BB6D61004C502C /* XCTest.framework */ = {isa = PBXFileReference; lastKnownFileType = wrapper.framework; name = XCTest.framework; path = Library/Frameworks/XCTest.framework; sourceTree = DEVELOPER_DIR; };
		7569DD4119BB6D61004C502C /* Cars-CatalogTests-Info.plist */ = {isa = PBXFileReference; lastKnownFileType = text.plist.xml; path = "Cars-CatalogTests-Info.plist"; sourceTree = "<group>"; };
		7569DD4319BB6D61004C502C /* en */ = {isa = PBXFileReference; lastKnownFileType = text.plist.strings; name = en; path = en.lproj/InfoPlist.strings; sourceTree = "<group>"; };
		75A16FCF19C127F0001708A7 /* CCHttpClient.h */ = {isa = PBXFileReference; fileEncoding = 4; lastKnownFileType = sourcecode.c.h; path = CCHttpClient.h; sourceTree = "<group>"; };
		75A16FD019C127F0001708A7 /* CCHttpClient.m */ = {isa = PBXFileReference; fileEncoding = 4; lastKnownFileType = sourcecode.c.objc; path = CCHttpClient.m; sourceTree = "<group>"; };
		75A16FD219C12F19001708A7 /* CCSettings.h */ = {isa = PBXFileReference; fileEncoding = 4; lastKnownFileType = sourcecode.c.h; path = CCSettings.h; sourceTree = "<group>"; };
		75A16FD319C12F19001708A7 /* CCSettings.m */ = {isa = PBXFileReference; fileEncoding = 4; lastKnownFileType = sourcecode.c.objc; path = CCSettings.m; sourceTree = "<group>"; };
		75A16FD519C1308C001708A7 /* Settings.plist */ = {isa = PBXFileReference; fileEncoding = 4; lastKnownFileType = text.plist.xml; path = Settings.plist; sourceTree = "<group>"; };
		75A16FD719C136EF001708A7 /* CCCarsRequest.h */ = {isa = PBXFileReference; fileEncoding = 4; lastKnownFileType = sourcecode.c.h; path = CCCarsRequest.h; sourceTree = "<group>"; };
		75A16FD819C136EF001708A7 /* CCCarsRequest.m */ = {isa = PBXFileReference; fileEncoding = 4; lastKnownFileType = sourcecode.c.objc; path = CCCarsRequest.m; sourceTree = "<group>"; };
		75A16FDB19C13967001708A7 /* CCRequestTarget.h */ = {isa = PBXFileReference; fileEncoding = 4; lastKnownFileType = sourcecode.c.h; path = CCRequestTarget.h; sourceTree = "<group>"; };
		75A16FDD19C30E08001708A7 /* CCCar.h */ = {isa = PBXFileReference; fileEncoding = 4; lastKnownFileType = sourcecode.c.h; path = CCCar.h; sourceTree = "<group>"; };
		75A16FDE19C30E08001708A7 /* CCCar.m */ = {isa = PBXFileReference; fileEncoding = 4; lastKnownFileType = sourcecode.c.objc; path = CCCar.m; sourceTree = "<group>"; };
		75A16FE019C31476001708A7 /* CCCarTests.m */ = {isa = PBXFileReference; fileEncoding = 4; lastKnownFileType = sourcecode.c.objc; path = CCCarTests.m; sourceTree = "<group>"; };
		75F7F56519BCCA8B0036C25B /* CCCarsViewController.h */ = {isa = PBXFileReference; fileEncoding = 4; lastKnownFileType = sourcecode.c.h; path = CCCarsViewController.h; sourceTree = "<group>"; };
		75F7F56619BCCA8B0036C25B /* CCCarsViewController.m */ = {isa = PBXFileReference; fileEncoding = 4; lastKnownFileType = sourcecode.c.objc; path = CCCarsViewController.m; sourceTree = "<group>"; };
		8EEBD89704C54C7AAB36370B /* libPods-Cars-CatalogTests.a */ = {isa = PBXFileReference; explicitFileType = archive.ar; includeInIndex = 0; path = "libPods-Cars-CatalogTests.a"; sourceTree = BUILT_PRODUCTS_DIR; };
		B19252721C5C409EA8D73EED /* libPods-Cars-Catalog.a */ = {isa = PBXFileReference; explicitFileType = archive.ar; includeInIndex = 0; path = "libPods-Cars-Catalog.a"; sourceTree = BUILT_PRODUCTS_DIR; };
/* End PBXFileReference section */

/* Begin PBXFrameworksBuildPhase section */
		7569DD0B19BB6D60004C502C /* Frameworks */ = {
			isa = PBXFrameworksBuildPhase;
			buildActionMask = 2147483647;
			files = (
				7569DD1419BB6D61004C502C /* CoreGraphics.framework in Frameworks */,
				7569DD1819BB6D61004C502C /* CoreData.framework in Frameworks */,
				7569DD1619BB6D61004C502C /* UIKit.framework in Frameworks */,
				7569DD1219BB6D61004C502C /* Foundation.framework in Frameworks */,
				ABD82A53BF714E4DB5A441A3 /* libPods-Cars-Catalog.a in Frameworks */,
			);
			runOnlyForDeploymentPostprocessing = 0;
		};
		7569DD3419BB6D61004C502C /* Frameworks */ = {
			isa = PBXFrameworksBuildPhase;
			buildActionMask = 2147483647;
			files = (
				7569DD3919BB6D61004C502C /* XCTest.framework in Frameworks */,
				7569DD3C19BB6D61004C502C /* CoreData.framework in Frameworks */,
				7569DD3B19BB6D61004C502C /* UIKit.framework in Frameworks */,
				7569DD3A19BB6D61004C502C /* Foundation.framework in Frameworks */,
				714AAED927644C1187F3371F /* libPods-Cars-CatalogTests.a in Frameworks */,
			);
			runOnlyForDeploymentPostprocessing = 0;
		};
/* End PBXFrameworksBuildPhase section */

/* Begin PBXGroup section */
		7532C01319C4EE6300DD0A5E /* Car */ = {
			isa = PBXGroup;
			children = (
				754F02B719C61162006AB654 /* CCCarFormViewController.h */,
				754F02B819C61162006AB654 /* CCCarFormViewController.m */,
				754F02B919C61162006AB654 /* CCCarFormViewController.xib */,
				754F02BC19C62FDF006AB654 /* CCCarRequest.h */,
				754F02BD19C62FDF006AB654 /* CCCarRequest.m */,
			);
			name = Car;
			sourceTree = "<group>";
		};
		754F02BF19C6748E006AB654 /* Components */ = {
			isa = PBXGroup;
			children = (
				754F02C019C674C0006AB654 /* CCPickerViewController.h */,
				754F02C119C674C0006AB654 /* CCPickerViewController.m */,
				754F02C219C674C0006AB654 /* CCPickerViewController.xib */,
			);
			name = Components;
			sourceTree = "<group>";
		};
		7569DD0519BB6D60004C502C = {
			isa = PBXGroup;
			children = (
				7569DD1919BB6D61004C502C /* Cars-Catalog */,
				7569DD3F19BB6D61004C502C /* Cars-CatalogTests */,
				7569DD1019BB6D60004C502C /* Frameworks */,
				7569DD0F19BB6D60004C502C /* Products */,
				60487367E07F406480F5DC8F /* Pods-Cars-Catalog.xcconfig */,
				061607901B244EB39A08D653 /* Pods-Cars-CatalogTests.xcconfig */,
			);
			sourceTree = "<group>";
		};
		7569DD0F19BB6D60004C502C /* Products */ = {
			isa = PBXGroup;
			children = (
				7569DD0E19BB6D60004C502C /* Cars-Catalog.app */,
				7569DD3719BB6D61004C502C /* Cars-CatalogTests.xctest */,
			);
			name = Products;
			sourceTree = "<group>";
		};
		7569DD1019BB6D60004C502C /* Frameworks */ = {
			isa = PBXGroup;
			children = (
				7569DD1119BB6D60004C502C /* Foundation.framework */,
				7569DD1319BB6D61004C502C /* CoreGraphics.framework */,
				7569DD1519BB6D61004C502C /* UIKit.framework */,
				7569DD1719BB6D61004C502C /* CoreData.framework */,
				7569DD3819BB6D61004C502C /* XCTest.framework */,
				B19252721C5C409EA8D73EED /* libPods-Cars-Catalog.a */,
				8EEBD89704C54C7AAB36370B /* libPods-Cars-CatalogTests.a */,
			);
			name = Frameworks;
			sourceTree = "<group>";
		};
		7569DD1919BB6D61004C502C /* Cars-Catalog */ = {
			isa = PBXGroup;
			children = (
				7569DD2219BB6D61004C502C /* CCAppDelegate.h */,
				7569DD2319BB6D61004C502C /* CCAppDelegate.m */,
				7569DD3119BB6D61004C502C /* Images.xcassets */,
				7569DD2819BB6D61004C502C /* Cars_Catalog.xcdatamodeld */,
				754F02BF19C6748E006AB654 /* Components */,
				75A16FCE19C127D5001708A7 /* Infrastructure */,
				75A16FDC19C30DF2001708A7 /* Models */,
				75F7F56319BCCA350036C25B /* Screens */,
				7569DD1A19BB6D61004C502C /* Supporting Files */,
			);
			path = "Cars-Catalog";
			sourceTree = "<group>";
		};
		7569DD1A19BB6D61004C502C /* Supporting Files */ = {
			isa = PBXGroup;
			children = (
				7569DD1B19BB6D61004C502C /* Cars-Catalog-Info.plist */,
				7569DD1C19BB6D61004C502C /* InfoPlist.strings */,
				7569DD1F19BB6D61004C502C /* main.m */,
				7569DD2119BB6D61004C502C /* Cars-Catalog-Prefix.pch */,
				75A16FD519C1308C001708A7 /* Settings.plist */,
			);
			name = "Supporting Files";
			sourceTree = "<group>";
		};
		7569DD3F19BB6D61004C502C /* Cars-CatalogTests */ = {
			isa = PBXGroup;
			children = (
				75A16FE019C31476001708A7 /* CCCarTests.m */,
				7569DD4019BB6D61004C502C /* Supporting Files */,
			);
			path = "Cars-CatalogTests";
			sourceTree = "<group>";
		};
		7569DD4019BB6D61004C502C /* Supporting Files */ = {
			isa = PBXGroup;
			children = (
				7569DD4119BB6D61004C502C /* Cars-CatalogTests-Info.plist */,
				7569DD4219BB6D61004C502C /* InfoPlist.strings */,
			);
			name = "Supporting Files";
			sourceTree = "<group>";
		};
		75A16FCE19C127D5001708A7 /* Infrastructure */ = {
			isa = PBXGroup;
			children = (
				75A16FCF19C127F0001708A7 /* CCHttpClient.h */,
				75A16FD019C127F0001708A7 /* CCHttpClient.m */,
				75A16FDB19C13967001708A7 /* CCRequestTarget.h */,
				75A16FD219C12F19001708A7 /* CCSettings.h */,
				75A16FD319C12F19001708A7 /* CCSettings.m */,
			);
			name = Infrastructure;
			sourceTree = "<group>";
		};
		75A16FDC19C30DF2001708A7 /* Models */ = {
			isa = PBXGroup;
			children = (
				75A16FDD19C30E08001708A7 /* CCCar.h */,
				75A16FDE19C30E08001708A7 /* CCCar.m */,
			);
			name = Models;
			sourceTree = "<group>";
		};
		75F7F56319BCCA350036C25B /* Screens */ = {
			isa = PBXGroup;
			children = (
				7532C01319C4EE6300DD0A5E /* Car */,
				75F7F56419BCCA470036C25B /* Cars */,
			);
			name = Screens;
			sourceTree = "<group>";
		};
		75F7F56419BCCA470036C25B /* Cars */ = {
			isa = PBXGroup;
			children = (
				75F7F56519BCCA8B0036C25B /* CCCarsViewController.h */,
				75F7F56619BCCA8B0036C25B /* CCCarsViewController.m */,
				75A16FD719C136EF001708A7 /* CCCarsRequest.h */,
				75A16FD819C136EF001708A7 /* CCCarsRequest.m */,
			);
			name = Cars;
			sourceTree = "<group>";
		};
/* End PBXGroup section */

/* Begin PBXNativeTarget section */
		7569DD0D19BB6D60004C502C /* Cars-Catalog */ = {
			isa = PBXNativeTarget;
			buildConfigurationList = 7569DD4919BB6D61004C502C /* Build configuration list for PBXNativeTarget "Cars-Catalog" */;
			buildPhases = (
				2AC9B76CE44A431AAF9D4135 /* Check Pods Manifest.lock */,
				7569DD0A19BB6D60004C502C /* Sources */,
				7569DD0B19BB6D60004C502C /* Frameworks */,
				7569DD0C19BB6D60004C502C /* Resources */,
				4A3E3335E21D4F758D89562E /* Copy Pods Resources */,
			);
			buildRules = (
			);
			dependencies = (
			);
			name = "Cars-Catalog";
			productName = "Cars-Catalog";
			productReference = 7569DD0E19BB6D60004C502C /* Cars-Catalog.app */;
			productType = "com.apple.product-type.application";
		};
		7569DD3619BB6D61004C502C /* Cars-CatalogTests */ = {
			isa = PBXNativeTarget;
			buildConfigurationList = 7569DD4C19BB6D61004C502C /* Build configuration list for PBXNativeTarget "Cars-CatalogTests" */;
			buildPhases = (
				E276AB9B0CD84658A1A06625 /* Check Pods Manifest.lock */,
				7569DD3319BB6D61004C502C /* Sources */,
				7569DD3419BB6D61004C502C /* Frameworks */,
				7569DD3519BB6D61004C502C /* Resources */,
				3BD7BA8426CA45F3B11680A6 /* Copy Pods Resources */,
			);
			buildRules = (
			);
			dependencies = (
				7569DD3E19BB6D61004C502C /* PBXTargetDependency */,
			);
			name = "Cars-CatalogTests";
			productName = "Cars-CatalogTests";
			productReference = 7569DD3719BB6D61004C502C /* Cars-CatalogTests.xctest */;
			productType = "com.apple.product-type.bundle.unit-test";
		};
/* End PBXNativeTarget section */

/* Begin PBXProject section */
		7569DD0619BB6D60004C502C /* Project object */ = {
			isa = PBXProject;
			attributes = {
				CLASSPREFIX = CC;
				LastUpgradeCheck = 0510;
				ORGANIZATIONNAME = "Weverton Couto Timoteo";
				TargetAttributes = {
					7569DD3619BB6D61004C502C = {
						TestTargetID = 7569DD0D19BB6D60004C502C;
					};
				};
			};
			buildConfigurationList = 7569DD0919BB6D60004C502C /* Build configuration list for PBXProject "Cars-Catalog" */;
			compatibilityVersion = "Xcode 3.2";
			developmentRegion = English;
			hasScannedForEncodings = 0;
			knownRegions = (
				en,
				Base,
			);
			mainGroup = 7569DD0519BB6D60004C502C;
			productRefGroup = 7569DD0F19BB6D60004C502C /* Products */;
			projectDirPath = "";
			projectRoot = "";
			targets = (
				7569DD0D19BB6D60004C502C /* Cars-Catalog */,
				7569DD3619BB6D61004C502C /* Cars-CatalogTests */,
			);
		};
/* End PBXProject section */

/* Begin PBXResourcesBuildPhase section */
		7569DD0C19BB6D60004C502C /* Resources */ = {
			isa = PBXResourcesBuildPhase;
			buildActionMask = 2147483647;
			files = (
				7569DD3219BB6D61004C502C /* Images.xcassets in Resources */,
				7569DD1E19BB6D61004C502C /* InfoPlist.strings in Resources */,
				75A16FD619C1308C001708A7 /* Settings.plist in Resources */,
				754F02C419C674C0006AB654 /* CCPickerViewController.xib in Resources */,
				754F02BB19C61162006AB654 /* CCCarFormViewController.xib in Resources */,
			);
			runOnlyForDeploymentPostprocessing = 0;
		};
		7569DD3519BB6D61004C502C /* Resources */ = {
			isa = PBXResourcesBuildPhase;
			buildActionMask = 2147483647;
			files = (
				7569DD4419BB6D61004C502C /* InfoPlist.strings in Resources */,
			);
			runOnlyForDeploymentPostprocessing = 0;
		};
/* End PBXResourcesBuildPhase section */

/* Begin PBXShellScriptBuildPhase section */
		2AC9B76CE44A431AAF9D4135 /* Check Pods Manifest.lock */ = {
			isa = PBXShellScriptBuildPhase;
			buildActionMask = 2147483647;
			files = (
			);
			inputPaths = (
			);
			name = "Check Pods Manifest.lock";
			outputPaths = (
			);
			runOnlyForDeploymentPostprocessing = 0;
			shellPath = /bin/sh;
			shellScript = "diff \"${PODS_ROOT}/../Podfile.lock\" \"${PODS_ROOT}/Manifest.lock\" > /dev/null\nif [[ $? != 0 ]] ; then\n    cat << EOM\nerror: The sandbox is not in sync with the Podfile.lock. Run 'pod install' or update your CocoaPods installation.\nEOM\n    exit 1\nfi\n";
			showEnvVarsInLog = 0;
		};
		3BD7BA8426CA45F3B11680A6 /* Copy Pods Resources */ = {
			isa = PBXShellScriptBuildPhase;
			buildActionMask = 2147483647;
			files = (
			);
			inputPaths = (
			);
			name = "Copy Pods Resources";
			outputPaths = (
			);
			runOnlyForDeploymentPostprocessing = 0;
			shellPath = /bin/sh;
			shellScript = "\"${SRCROOT}/Pods/Pods-Cars-CatalogTests-resources.sh\"\n";
			showEnvVarsInLog = 0;
		};
		4A3E3335E21D4F758D89562E /* Copy Pods Resources */ = {
			isa = PBXShellScriptBuildPhase;
			buildActionMask = 2147483647;
			files = (
			);
			inputPaths = (
			);
			name = "Copy Pods Resources";
			outputPaths = (
			);
			runOnlyForDeploymentPostprocessing = 0;
			shellPath = /bin/sh;
			shellScript = "\"${SRCROOT}/Pods/Pods-Cars-Catalog-resources.sh\"\n";
			showEnvVarsInLog = 0;
		};
		E276AB9B0CD84658A1A06625 /* Check Pods Manifest.lock */ = {
			isa = PBXShellScriptBuildPhase;
			buildActionMask = 2147483647;
			files = (
			);
			inputPaths = (
			);
			name = "Check Pods Manifest.lock";
			outputPaths = (
			);
			runOnlyForDeploymentPostprocessing = 0;
			shellPath = /bin/sh;
			shellScript = "diff \"${PODS_ROOT}/../Podfile.lock\" \"${PODS_ROOT}/Manifest.lock\" > /dev/null\nif [[ $? != 0 ]] ; then\n    cat << EOM\nerror: The sandbox is not in sync with the Podfile.lock. Run 'pod install' or update your CocoaPods installation.\nEOM\n    exit 1\nfi\n";
			showEnvVarsInLog = 0;
		};
/* End PBXShellScriptBuildPhase section */

/* Begin PBXSourcesBuildPhase section */
		7569DD0A19BB6D60004C502C /* Sources */ = {
			isa = PBXSourcesBuildPhase;
			buildActionMask = 2147483647;
			files = (
				75A16FD419C12F19001708A7 /* CCSettings.m in Sources */,
				75F7F56719BCCA8B0036C25B /* CCCarsViewController.m in Sources */,
				754F02BE19C62FDF006AB654 /* CCCarRequest.m in Sources */,
				75A16FD919C136EF001708A7 /* CCCarsRequest.m in Sources */,
				75A16FD119C127F0001708A7 /* CCHttpClient.m in Sources */,
				7569DD2419BB6D61004C502C /* CCAppDelegate.m in Sources */,
				7569DD2A19BB6D61004C502C /* Cars_Catalog.xcdatamodeld in Sources */,
				75A16FDF19C30E08001708A7 /* CCCar.m in Sources */,
				7569DD2019BB6D61004C502C /* main.m in Sources */,
				754F02BA19C61162006AB654 /* CCCarFormViewController.m in Sources */,
				754F02C319C674C0006AB654 /* CCPickerViewController.m in Sources */,
			);
			runOnlyForDeploymentPostprocessing = 0;
		};
		7569DD3319BB6D61004C502C /* Sources */ = {
			isa = PBXSourcesBuildPhase;
			buildActionMask = 2147483647;
			files = (
				75A16FE119C31476001708A7 /* CCCarTests.m in Sources */,
			);
			runOnlyForDeploymentPostprocessing = 0;
		};
/* End PBXSourcesBuildPhase section */

/* Begin PBXTargetDependency section */
		7569DD3E19BB6D61004C502C /* PBXTargetDependency */ = {
			isa = PBXTargetDependency;
			target = 7569DD0D19BB6D60004C502C /* Cars-Catalog */;
			targetProxy = 7569DD3D19BB6D61004C502C /* PBXContainerItemProxy */;
		};
/* End PBXTargetDependency section */

/* Begin PBXVariantGroup section */
		7569DD1C19BB6D61004C502C /* InfoPlist.strings */ = {
			isa = PBXVariantGroup;
			children = (
				7569DD1D19BB6D61004C502C /* en */,
			);
			name = InfoPlist.strings;
			sourceTree = "<group>";
		};
		7569DD4219BB6D61004C502C /* InfoPlist.strings */ = {
			isa = PBXVariantGroup;
			children = (
				7569DD4319BB6D61004C502C /* en */,
			);
			name = InfoPlist.strings;
			sourceTree = "<group>";
		};
/* End PBXVariantGroup section */

/* Begin XCBuildConfiguration section */
		7569DD4719BB6D61004C502C /* Debug */ = {
			isa = XCBuildConfiguration;
			buildSettings = {
				ALWAYS_SEARCH_USER_PATHS = NO;
				CLANG_CXX_LANGUAGE_STANDARD = "gnu++0x";
				CLANG_CXX_LIBRARY = "libc++";
				CLANG_ENABLE_MODULES = YES;
				CLANG_ENABLE_OBJC_ARC = YES;
				CLANG_WARN_BOOL_CONVERSION = YES;
				CLANG_WARN_CONSTANT_CONVERSION = YES;
				CLANG_WARN_DIRECT_OBJC_ISA_USAGE = YES_ERROR;
				CLANG_WARN_EMPTY_BODY = YES;
				CLANG_WARN_ENUM_CONVERSION = YES;
				CLANG_WARN_INT_CONVERSION = YES;
				CLANG_WARN_OBJC_ROOT_CLASS = YES_ERROR;
				CLANG_WARN__DUPLICATE_METHOD_MATCH = YES;
				"CODE_SIGN_IDENTITY[sdk=iphoneos*]" = "iPhone Developer";
				COPY_PHASE_STRIP = NO;
				GCC_C_LANGUAGE_STANDARD = gnu99;
				GCC_DYNAMIC_NO_PIC = NO;
				GCC_OPTIMIZATION_LEVEL = 0;
				GCC_PREPROCESSOR_DEFINITIONS = (
					"DEBUG=1",
					"$(inherited)",
				);
				GCC_SYMBOLS_PRIVATE_EXTERN = NO;
				GCC_WARN_64_TO_32_BIT_CONVERSION = YES;
				GCC_WARN_ABOUT_RETURN_TYPE = YES_ERROR;
				GCC_WARN_UNDECLARED_SELECTOR = YES;
				GCC_WARN_UNINITIALIZED_AUTOS = YES_AGGRESSIVE;
				GCC_WARN_UNUSED_FUNCTION = YES;
				GCC_WARN_UNUSED_VARIABLE = YES;
				IPHONEOS_DEPLOYMENT_TARGET = 7.1;
				ONLY_ACTIVE_ARCH = YES;
				SDKROOT = iphoneos;
			};
			name = Debug;
		};
		7569DD4819BB6D61004C502C /* Release */ = {
			isa = XCBuildConfiguration;
			buildSettings = {
				ALWAYS_SEARCH_USER_PATHS = NO;
				CLANG_CXX_LANGUAGE_STANDARD = "gnu++0x";
				CLANG_CXX_LIBRARY = "libc++";
				CLANG_ENABLE_MODULES = YES;
				CLANG_ENABLE_OBJC_ARC = YES;
				CLANG_WARN_BOOL_CONVERSION = YES;
				CLANG_WARN_CONSTANT_CONVERSION = YES;
				CLANG_WARN_DIRECT_OBJC_ISA_USAGE = YES_ERROR;
				CLANG_WARN_EMPTY_BODY = YES;
				CLANG_WARN_ENUM_CONVERSION = YES;
				CLANG_WARN_INT_CONVERSION = YES;
				CLANG_WARN_OBJC_ROOT_CLASS = YES_ERROR;
				CLANG_WARN__DUPLICATE_METHOD_MATCH = YES;
				"CODE_SIGN_IDENTITY[sdk=iphoneos*]" = "iPhone Developer";
				COPY_PHASE_STRIP = YES;
				ENABLE_NS_ASSERTIONS = NO;
				GCC_C_LANGUAGE_STANDARD = gnu99;
				GCC_WARN_64_TO_32_BIT_CONVERSION = YES;
				GCC_WARN_ABOUT_RETURN_TYPE = YES_ERROR;
				GCC_WARN_UNDECLARED_SELECTOR = YES;
				GCC_WARN_UNINITIALIZED_AUTOS = YES_AGGRESSIVE;
				GCC_WARN_UNUSED_FUNCTION = YES;
				GCC_WARN_UNUSED_VARIABLE = YES;
				IPHONEOS_DEPLOYMENT_TARGET = 7.1;
				SDKROOT = iphoneos;
				VALIDATE_PRODUCT = YES;
			};
			name = Release;
		};
		7569DD4A19BB6D61004C502C /* Debug */ = {
			isa = XCBuildConfiguration;
			baseConfigurationReference = 60487367E07F406480F5DC8F /* Pods-Cars-Catalog.xcconfig */;
			buildSettings = {
				ASSETCATALOG_COMPILER_APPICON_NAME = AppIcon;
				ASSETCATALOG_COMPILER_LAUNCHIMAGE_NAME = LaunchImage;
				GCC_PRECOMPILE_PREFIX_HEADER = YES;
				GCC_PREFIX_HEADER = "Cars-Catalog/Cars-Catalog-Prefix.pch";
				INFOPLIST_FILE = "Cars-Catalog/Cars-Catalog-Info.plist";
				PRODUCT_NAME = "$(TARGET_NAME)";
				WRAPPER_EXTENSION = app;
			};
			name = Debug;
		};
		7569DD4B19BB6D61004C502C /* Release */ = {
			isa = XCBuildConfiguration;
			baseConfigurationReference = 60487367E07F406480F5DC8F /* Pods-Cars-Catalog.xcconfig */;
			buildSettings = {
				ASSETCATALOG_COMPILER_APPICON_NAME = AppIcon;
				ASSETCATALOG_COMPILER_LAUNCHIMAGE_NAME = LaunchImage;
				GCC_PRECOMPILE_PREFIX_HEADER = YES;
				GCC_PREFIX_HEADER = "Cars-Catalog/Cars-Catalog-Prefix.pch";
				INFOPLIST_FILE = "Cars-Catalog/Cars-Catalog-Info.plist";
				PRODUCT_NAME = "$(TARGET_NAME)";
				WRAPPER_EXTENSION = app;
			};
			name = Release;
		};
		7569DD4D19BB6D61004C502C /* Debug */ = {
			isa = XCBuildConfiguration;
			baseConfigurationReference = 061607901B244EB39A08D653 /* Pods-Cars-CatalogTests.xcconfig */;
			buildSettings = {
				BUNDLE_LOADER = "$(BUILT_PRODUCTS_DIR)/Cars-Catalog.app/Cars-Catalog";
				FRAMEWORK_SEARCH_PATHS = (
					"$(SDKROOT)/Developer/Library/Frameworks",
					"$(inherited)",
					"$(DEVELOPER_FRAMEWORKS_DIR)",
				);
				GCC_PRECOMPILE_PREFIX_HEADER = YES;
				GCC_PREFIX_HEADER = "Cars-Catalog/Cars-Catalog-Prefix.pch";
				GCC_PREPROCESSOR_DEFINITIONS = (
					"DEBUG=1",
					"$(inherited)",
				);
				INFOPLIST_FILE = "Cars-CatalogTests/Cars-CatalogTests-Info.plist";
				PRODUCT_NAME = "$(TARGET_NAME)";
				TEST_HOST = "$(BUNDLE_LOADER)";
				WRAPPER_EXTENSION = xctest;
			};
			name = Debug;
		};
		7569DD4E19BB6D61004C502C /* Release */ = {
			isa = XCBuildConfiguration;
			baseConfigurationReference = 061607901B244EB39A08D653 /* Pods-Cars-CatalogTests.xcconfig */;
			buildSettings = {
				BUNDLE_LOADER = "$(BUILT_PRODUCTS_DIR)/Cars-Catalog.app/Cars-Catalog";
				FRAMEWORK_SEARCH_PATHS = (
					"$(SDKROOT)/Developer/Library/Frameworks",
					"$(inherited)",
					"$(DEVELOPER_FRAMEWORKS_DIR)",
				);
				GCC_PRECOMPILE_PREFIX_HEADER = YES;
				GCC_PREFIX_HEADER = "Cars-Catalog/Cars-Catalog-Prefix.pch";
				INFOPLIST_FILE = "Cars-CatalogTests/Cars-CatalogTests-Info.plist";
				PRODUCT_NAME = "$(TARGET_NAME)";
				TEST_HOST = "$(BUNDLE_LOADER)";
				WRAPPER_EXTENSION = xctest;
			};
			name = Release;
		};
/* End XCBuildConfiguration section */

/* Begin XCConfigurationList section */
		7569DD0919BB6D60004C502C /* Build configuration list for PBXProject "Cars-Catalog" */ = {
			isa = XCConfigurationList;
			buildConfigurations = (
				7569DD4719BB6D61004C502C /* Debug */,
				7569DD4819BB6D61004C502C /* Release */,
			);
			defaultConfigurationIsVisible = 0;
			defaultConfigurationName = Release;
		};
		7569DD4919BB6D61004C502C /* Build configuration list for PBXNativeTarget "Cars-Catalog" */ = {
			isa = XCConfigurationList;
			buildConfigurations = (
				7569DD4A19BB6D61004C502C /* Debug */,
				7569DD4B19BB6D61004C502C /* Release */,
			);
			defaultConfigurationIsVisible = 0;
			defaultConfigurationName = Release;
		};
		7569DD4C19BB6D61004C502C /* Build configuration list for PBXNativeTarget "Cars-CatalogTests" */ = {
			isa = XCConfigurationList;
			buildConfigurations = (
				7569DD4D19BB6D61004C502C /* Debug */,
				7569DD4E19BB6D61004C502C /* Release */,
			);
			defaultConfigurationIsVisible = 0;
			defaultConfigurationName = Release;
		};
/* End XCConfigurationList section */

/* Begin XCVersionGroup section */
		7569DD2819BB6D61004C502C /* Cars_Catalog.xcdatamodeld */ = {
			isa = XCVersionGroup;
			children = (
				7569DD2919BB6D61004C502C /* Cars_Catalog.xcdatamodel */,
			);
			currentVersion = 7569DD2919BB6D61004C502C /* Cars_Catalog.xcdatamodel */;
			path = Cars_Catalog.xcdatamodeld;
			sourceTree = "<group>";
			versionGroupType = wrapper.xcdatamodel;
		};
/* End XCVersionGroup section */
	};
	rootObject = 7569DD0619BB6D60004C502C /* Project object */;
}
